// !$*UTF8*$!
{
	archiveVersion = 1;
	classes = {
	};
	objectVersion = 56;
	objects = {

/* Begin PBXBuildFile section */
		043A87472946128D008B5D19 /* AppDelegate.swift in Sources */ = {isa = PBXBuildFile; fileRef = 043A87462946128D008B5D19 /* AppDelegate.swift */; };
		043A87492946128D008B5D19 /* SceneDelegate.swift in Sources */ = {isa = PBXBuildFile; fileRef = 043A87482946128D008B5D19 /* SceneDelegate.swift */; };
		043A874B2946128D008B5D19 /* ViewController.swift in Sources */ = {isa = PBXBuildFile; fileRef = 043A874A2946128D008B5D19 /* ViewController.swift */; };
		043A874E2946128D008B5D19 /* Main.storyboard in Resources */ = {isa = PBXBuildFile; fileRef = 043A874C2946128D008B5D19 /* Main.storyboard */; };
		043A87502946128F008B5D19 /* Assets.xcassets in Resources */ = {isa = PBXBuildFile; fileRef = 043A874F2946128F008B5D19 /* Assets.xcassets */; };
		043A87532946128F008B5D19 /* LaunchScreen.storyboard in Resources */ = {isa = PBXBuildFile; fileRef = 043A87512946128F008B5D19 /* LaunchScreen.storyboard */; };
		043A875E29461290008B5D19 /* TabBarControllerTests.swift in Sources */ = {isa = PBXBuildFile; fileRef = 043A875D29461290008B5D19 /* TabBarControllerTests.swift */; };
		043A876829461290008B5D19 /* TabBarControllerUITests.swift in Sources */ = {isa = PBXBuildFile; fileRef = 043A876729461290008B5D19 /* TabBarControllerUITests.swift */; };
		043A876A29461290008B5D19 /* TabBarControllerUITestsLaunchTests.swift in Sources */ = {isa = PBXBuildFile; fileRef = 043A876929461290008B5D19 /* TabBarControllerUITestsLaunchTests.swift */; };
/* End PBXBuildFile section */

/* Begin PBXContainerItemProxy section */
		043A875A29461290008B5D19 /* PBXContainerItemProxy */ = {
			isa = PBXContainerItemProxy;
			containerPortal = 043A873B2946128D008B5D19 /* Project object */;
			proxyType = 1;
			remoteGlobalIDString = 043A87422946128D008B5D19;
			remoteInfo = TabBarController;
		};
		043A876429461290008B5D19 /* PBXContainerItemProxy */ = {
			isa = PBXContainerItemProxy;
			containerPortal = 043A873B2946128D008B5D19 /* Project object */;
			proxyType = 1;
			remoteGlobalIDString = 043A87422946128D008B5D19;
			remoteInfo = TabBarController;
		};
/* End PBXContainerItemProxy section */

/* Begin PBXFileReference section */
		043A87432946128D008B5D19 /* TabBarController.app */ = {isa = PBXFileReference; explicitFileType = wrapper.application; includeInIndex = 0; path = TabBarController.app; sourceTree = BUILT_PRODUCTS_DIR; };
		043A87462946128D008B5D19 /* AppDelegate.swift */ = {isa = PBXFileReference; lastKnownFileType = sourcecode.swift; path = AppDelegate.swift; sourceTree = "<group>"; };
		043A87482946128D008B5D19 /* SceneDelegate.swift */ = {isa = PBXFileReference; lastKnownFileType = sourcecode.swift; path = SceneDelegate.swift; sourceTree = "<group>"; };
		043A874A2946128D008B5D19 /* ViewController.swift */ = {isa = PBXFileReference; lastKnownFileType = sourcecode.swift; path = ViewController.swift; sourceTree = "<group>"; };
		043A874D2946128D008B5D19 /* Base */ = {isa = PBXFileReference; lastKnownFileType = file.storyboard; name = Base; path = Base.lproj/Main.storyboard; sourceTree = "<group>"; };
		043A874F2946128F008B5D19 /* Assets.xcassets */ = {isa = PBXFileReference; lastKnownFileType = folder.assetcatalog; path = Assets.xcassets; sourceTree = "<group>"; };
		043A87522946128F008B5D19 /* Base */ = {isa = PBXFileReference; lastKnownFileType = file.storyboard; name = Base; path = Base.lproj/LaunchScreen.storyboard; sourceTree = "<group>"; };
		043A87542946128F008B5D19 /* Info.plist */ = {isa = PBXFileReference; lastKnownFileType = text.plist.xml; path = Info.plist; sourceTree = "<group>"; };
		043A875929461290008B5D19 /* TabBarControllerTests.xctest */ = {isa = PBXFileReference; explicitFileType = wrapper.cfbundle; includeInIndex = 0; path = TabBarControllerTests.xctest; sourceTree = BUILT_PRODUCTS_DIR; };
		043A875D29461290008B5D19 /* TabBarControllerTests.swift */ = {isa = PBXFileReference; lastKnownFileType = sourcecode.swift; path = TabBarControllerTests.swift; sourceTree = "<group>"; };
		043A876329461290008B5D19 /* TabBarControllerUITests.xctest */ = {isa = PBXFileReference; explicitFileType = wrapper.cfbundle; includeInIndex = 0; path = TabBarControllerUITests.xctest; sourceTree = BUILT_PRODUCTS_DIR; };
		043A876729461290008B5D19 /* TabBarControllerUITests.swift */ = {isa = PBXFileReference; lastKnownFileType = sourcecode.swift; path = TabBarControllerUITests.swift; sourceTree = "<group>"; };
		043A876929461290008B5D19 /* TabBarControllerUITestsLaunchTests.swift */ = {isa = PBXFileReference; lastKnownFileType = sourcecode.swift; path = TabBarControllerUITestsLaunchTests.swift; sourceTree = "<group>"; };
/* End PBXFileReference section */

/* Begin PBXFrameworksBuildPhase section */
		043A87402946128D008B5D19 /* Frameworks */ = {
			isa = PBXFrameworksBuildPhase;
			buildActionMask = 2147483647;
			files = (
			);
			runOnlyForDeploymentPostprocessing = 0;
		};
		043A875629461290008B5D19 /* Frameworks */ = {
			isa = PBXFrameworksBuildPhase;
			buildActionMask = 2147483647;
			files = (
			);
			runOnlyForDeploymentPostprocessing = 0;
		};
		043A876029461290008B5D19 /* Frameworks */ = {
			isa = PBXFrameworksBuildPhase;
			buildActionMask = 2147483647;
			files = (
			);
			runOnlyForDeploymentPostprocessing = 0;
		};
/* End PBXFrameworksBuildPhase section */

/* Begin PBXGroup section */
		043A873A2946128D008B5D19 = {
			isa = PBXGroup;
			children = (
				043A87452946128D008B5D19 /* TabBarController */,
				043A875C29461290008B5D19 /* TabBarControllerTests */,
				043A876629461290008B5D19 /* TabBarControllerUITests */,
				043A87442946128D008B5D19 /* Products */,
			);
			sourceTree = "<group>";
		};
		043A87442946128D008B5D19 /* Products */ = {
			isa = PBXGroup;
			children = (
				043A87432946128D008B5D19 /* TabBarController.app */,
				043A875929461290008B5D19 /* TabBarControllerTests.xctest */,
				043A876329461290008B5D19 /* TabBarControllerUITests.xctest */,
			);
			name = Products;
			sourceTree = "<group>";
		};
		043A87452946128D008B5D19 /* TabBarController */ = {
			isa = PBXGroup;
			children = (
				043A87462946128D008B5D19 /* AppDelegate.swift */,
				043A87482946128D008B5D19 /* SceneDelegate.swift */,
				043A874A2946128D008B5D19 /* ViewController.swift */,
				043A874C2946128D008B5D19 /* Main.storyboard */,
				043A874F2946128F008B5D19 /* Assets.xcassets */,
				043A87512946128F008B5D19 /* LaunchScreen.storyboard */,
				043A87542946128F008B5D19 /* Info.plist */,
			);
			path = TabBarController;
			sourceTree = "<group>";
		};
		043A875C29461290008B5D19 /* TabBarControllerTests */ = {
			isa = PBXGroup;
			children = (
				043A875D29461290008B5D19 /* TabBarControllerTests.swift */,
			);
			path = TabBarControllerTests;
			sourceTree = "<group>";
		};
		043A876629461290008B5D19 /* TabBarControllerUITests */ = {
			isa = PBXGroup;
			children = (
				043A876729461290008B5D19 /* TabBarControllerUITests.swift */,
				043A876929461290008B5D19 /* TabBarControllerUITestsLaunchTests.swift */,
			);
			path = TabBarControllerUITests;
			sourceTree = "<group>";
		};
/* End PBXGroup section */

/* Begin PBXNativeTarget section */
		043A87422946128D008B5D19 /* TabBarController */ = {
			isa = PBXNativeTarget;
			buildConfigurationList = 043A876D29461290008B5D19 /* Build configuration list for PBXNativeTarget "TabBarController" */;
			buildPhases = (
				043A873F2946128D008B5D19 /* Sources */,
				043A87402946128D008B5D19 /* Frameworks */,
				043A87412946128D008B5D19 /* Resources */,
			);
			buildRules = (
			);
			dependencies = (
			);
			name = TabBarController;
			productName = TabBarController;
			productReference = 043A87432946128D008B5D19 /* TabBarController.app */;
			productType = "com.apple.product-type.application";
		};
		043A875829461290008B5D19 /* TabBarControllerTests */ = {
			isa = PBXNativeTarget;
			buildConfigurationList = 043A877029461290008B5D19 /* Build configuration list for PBXNativeTarget "TabBarControllerTests" */;
			buildPhases = (
				043A875529461290008B5D19 /* Sources */,
				043A875629461290008B5D19 /* Frameworks */,
				043A875729461290008B5D19 /* Resources */,
			);
			buildRules = (
			);
			dependencies = (
				043A875B29461290008B5D19 /* PBXTargetDependency */,
			);
			name = TabBarControllerTests;
			productName = TabBarControllerTests;
			productReference = 043A875929461290008B5D19 /* TabBarControllerTests.xctest */;
			productType = "com.apple.product-type.bundle.unit-test";
		};
		043A876229461290008B5D19 /* TabBarControllerUITests */ = {
			isa = PBXNativeTarget;
			buildConfigurationList = 043A877329461290008B5D19 /* Build configuration list for PBXNativeTarget "TabBarControllerUITests" */;
			buildPhases = (
				043A875F29461290008B5D19 /* Sources */,
				043A876029461290008B5D19 /* Frameworks */,
				043A876129461290008B5D19 /* Resources */,
			);
			buildRules = (
			);
			dependencies = (
				043A876529461290008B5D19 /* PBXTargetDependency */,
			);
			name = TabBarControllerUITests;
			productName = TabBarControllerUITests;
			productReference = 043A876329461290008B5D19 /* TabBarControllerUITests.xctest */;
			productType = "com.apple.product-type.bundle.ui-testing";
		};
/* End PBXNativeTarget section */

/* Begin PBXProject section */
		043A873B2946128D008B5D19 /* Project object */ = {
			isa = PBXProject;
			attributes = {
				BuildIndependentTargetsInParallel = 1;
				LastSwiftUpdateCheck = 1410;
				LastUpgradeCheck = 1410;
				TargetAttributes = {
					043A87422946128D008B5D19 = {
						CreatedOnToolsVersion = 14.1;
					};
					043A875829461290008B5D19 = {
						CreatedOnToolsVersion = 14.1;
						TestTargetID = 043A87422946128D008B5D19;
					};
					043A876229461290008B5D19 = {
						CreatedOnToolsVersion = 14.1;
						TestTargetID = 043A87422946128D008B5D19;
					};
				};
			};
			buildConfigurationList = 043A873E2946128D008B5D19 /* Build configuration list for PBXProject "TabBarController" */;
			compatibilityVersion = "Xcode 14.0";
			developmentRegion = en;
			hasScannedForEncodings = 0;
			knownRegions = (
				en,
				Base,
			);
			mainGroup = 043A873A2946128D008B5D19;
			productRefGroup = 043A87442946128D008B5D19 /* Products */;
			projectDirPath = "";
			projectRoot = "";
			targets = (
				043A87422946128D008B5D19 /* TabBarController */,
				043A875829461290008B5D19 /* TabBarControllerTests */,
				043A876229461290008B5D19 /* TabBarControllerUITests */,
			);
		};
/* End PBXProject section */

/* Begin PBXResourcesBuildPhase section */
		043A87412946128D008B5D19 /* Resources */ = {
			isa = PBXResourcesBuildPhase;
			buildActionMask = 2147483647;
			files = (
				043A87532946128F008B5D19 /* LaunchScreen.storyboard in Resources */,
				043A87502946128F008B5D19 /* Assets.xcassets in Resources */,
				043A874E2946128D008B5D19 /* Main.storyboard in Resources */,
			);
			runOnlyForDeploymentPostprocessing = 0;
		};
		043A875729461290008B5D19 /* Resources */ = {
			isa = PBXResourcesBuildPhase;
			buildActionMask = 2147483647;
			files = (
			);
			runOnlyForDeploymentPostprocessing = 0;
		};
		043A876129461290008B5D19 /* Resources */ = {
			isa = PBXResourcesBuildPhase;
			buildActionMask = 2147483647;
			files = (
			);
			runOnlyForDeploymentPostprocessing = 0;
		};
/* End PBXResourcesBuildPhase section */

/* Begin PBXSourcesBuildPhase section */
		043A873F2946128D008B5D19 /* Sources */ = {
			isa = PBXSourcesBuildPhase;
			buildActionMask = 2147483647;
			files = (
				043A874B2946128D008B5D19 /* ViewController.swift in Sources */,
				043A87472946128D008B5D19 /* AppDelegate.swift in Sources */,
				043A87492946128D008B5D19 /* SceneDelegate.swift in Sources */,
			);
			runOnlyForDeploymentPostprocessing = 0;
		};
		043A875529461290008B5D19 /* Sources */ = {
			isa = PBXSourcesBuildPhase;
			buildActionMask = 2147483647;
			files = (
				043A875E29461290008B5D19 /* TabBarControllerTests.swift in Sources */,
			);
			runOnlyForDeploymentPostprocessing = 0;
		};
		043A875F29461290008B5D19 /* Sources */ = {
			isa = PBXSourcesBuildPhase;
			buildActionMask = 2147483647;
			files = (
				043A876A29461290008B5D19 /* TabBarControllerUITestsLaunchTests.swift in Sources */,
				043A876829461290008B5D19 /* TabBarControllerUITests.swift in Sources */,
			);
			runOnlyForDeploymentPostprocessing = 0;
		};
/* End PBXSourcesBuildPhase section */

/* Begin PBXTargetDependency section */
		043A875B29461290008B5D19 /* PBXTargetDependency */ = {
			isa = PBXTargetDependency;
			target = 043A87422946128D008B5D19 /* TabBarController */;
			targetProxy = 043A875A29461290008B5D19 /* PBXContainerItemProxy */;
		};
		043A876529461290008B5D19 /* PBXTargetDependency */ = {
			isa = PBXTargetDependency;
			target = 043A87422946128D008B5D19 /* TabBarController */;
			targetProxy = 043A876429461290008B5D19 /* PBXContainerItemProxy */;
		};
/* End PBXTargetDependency section */

/* Begin PBXVariantGroup section */
		043A874C2946128D008B5D19 /* Main.storyboard */ = {
			isa = PBXVariantGroup;
			children = (
				043A874D2946128D008B5D19 /* Base */,
			);
			name = Main.storyboard;
			sourceTree = "<group>";
		};
		043A87512946128F008B5D19 /* LaunchScreen.storyboard */ = {
			isa = PBXVariantGroup;
			children = (
				043A87522946128F008B5D19 /* Base */,
			);
			name = LaunchScreen.storyboard;
			sourceTree = "<group>";
		};
/* End PBXVariantGroup section */

/* Begin XCBuildConfiguration section */
		043A876B29461290008B5D19 /* Debug */ = {
			isa = XCBuildConfiguration;
			buildSettings = {
				ALWAYS_SEARCH_USER_PATHS = NO;
				CLANG_ANALYZER_NONNULL = YES;
				CLANG_ANALYZER_NUMBER_OBJECT_CONVERSION = YES_AGGRESSIVE;
				CLANG_CXX_LANGUAGE_STANDARD = "gnu++20";
				CLANG_ENABLE_MODULES = YES;
				CLANG_ENABLE_OBJC_ARC = YES;
				CLANG_ENABLE_OBJC_WEAK = YES;
				CLANG_WARN_BLOCK_CAPTURE_AUTORELEASING = YES;
				CLANG_WARN_BOOL_CONVERSION = YES;
				CLANG_WARN_COMMA = YES;
				CLANG_WARN_CONSTANT_CONVERSION = YES;
				CLANG_WARN_DEPRECATED_OBJC_IMPLEMENTATIONS = YES;
				CLANG_WARN_DIRECT_OBJC_ISA_USAGE = YES_ERROR;
				CLANG_WARN_DOCUMENTATION_COMMENTS = YES;
				CLANG_WARN_EMPTY_BODY = YES;
				CLANG_WARN_ENUM_CONVERSION = YES;
				CLANG_WARN_INFINITE_RECURSION = YES;
				CLANG_WARN_INT_CONVERSION = YES;
				CLANG_WARN_NON_LITERAL_NULL_CONVERSION = YES;
				CLANG_WARN_OBJC_IMPLICIT_RETAIN_SELF = YES;
				CLANG_WARN_OBJC_LITERAL_CONVERSION = YES;
				CLANG_WARN_OBJC_ROOT_CLASS = YES_ERROR;
				CLANG_WARN_QUOTED_INCLUDE_IN_FRAMEWORK_HEADER = YES;
				CLANG_WARN_RANGE_LOOP_ANALYSIS = YES;
				CLANG_WARN_STRICT_PROTOTYPES = YES;
				CLANG_WARN_SUSPICIOUS_MOVE = YES;
				CLANG_WARN_UNGUARDED_AVAILABILITY = YES_AGGRESSIVE;
				CLANG_WARN_UNREACHABLE_CODE = YES;
				CLANG_WARN__DUPLICATE_METHOD_MATCH = YES;
				COPY_PHASE_STRIP = NO;
				DEBUG_INFORMATION_FORMAT = dwarf;
				ENABLE_STRICT_OBJC_MSGSEND = YES;
				ENABLE_TESTABILITY = YES;
				GCC_C_LANGUAGE_STANDARD = gnu11;
				GCC_DYNAMIC_NO_PIC = NO;
				GCC_NO_COMMON_BLOCKS = YES;
				GCC_OPTIMIZATION_LEVEL = 0;
				GCC_PREPROCESSOR_DEFINITIONS = (
					"DEBUG=1",
					"$(inherited)",
				);
				GCC_WARN_64_TO_32_BIT_CONVERSION = YES;
				GCC_WARN_ABOUT_RETURN_TYPE = YES_ERROR;
				GCC_WARN_UNDECLARED_SELECTOR = YES;
				GCC_WARN_UNINITIALIZED_AUTOS = YES_AGGRESSIVE;
				GCC_WARN_UNUSED_FUNCTION = YES;
				GCC_WARN_UNUSED_VARIABLE = YES;
				IPHONEOS_DEPLOYMENT_TARGET = 16.1;
				MTL_ENABLE_DEBUG_INFO = INCLUDE_SOURCE;
				MTL_FAST_MATH = YES;
				ONLY_ACTIVE_ARCH = YES;
				SDKROOT = iphoneos;
				SWIFT_ACTIVE_COMPILATION_CONDITIONS = DEBUG;
				SWIFT_OPTIMIZATION_LEVEL = "-Onone";
			};
			name = Debug;
		};
		043A876C29461290008B5D19 /* Release */ = {
			isa = XCBuildConfiguration;
			buildSettings = {
				ALWAYS_SEARCH_USER_PATHS = NO;
				CLANG_ANALYZER_NONNULL = YES;
				CLANG_ANALYZER_NUMBER_OBJECT_CONVERSION = YES_AGGRESSIVE;
				CLANG_CXX_LANGUAGE_STANDARD = "gnu++20";
				CLANG_ENABLE_MODULES = YES;
				CLANG_ENABLE_OBJC_ARC = YES;
				CLANG_ENABLE_OBJC_WEAK = YES;
				CLANG_WARN_BLOCK_CAPTURE_AUTORELEASING = YES;
				CLANG_WARN_BOOL_CONVERSION = YES;
				CLANG_WARN_COMMA = YES;
				CLANG_WARN_CONSTANT_CONVERSION = YES;
				CLANG_WARN_DEPRECATED_OBJC_IMPLEMENTATIONS = YES;
				CLANG_WARN_DIRECT_OBJC_ISA_USAGE = YES_ERROR;
				CLANG_WARN_DOCUMENTATION_COMMENTS = YES;
				CLANG_WARN_EMPTY_BODY = YES;
				CLANG_WARN_ENUM_CONVERSION = YES;
				CLANG_WARN_INFINITE_RECURSION = YES;
				CLANG_WARN_INT_CONVERSION = YES;
				CLANG_WARN_NON_LITERAL_NULL_CONVERSION = YES;
				CLANG_WARN_OBJC_IMPLICIT_RETAIN_SELF = YES;
				CLANG_WARN_OBJC_LITERAL_CONVERSION = YES;
				CLANG_WARN_OBJC_ROOT_CLASS = YES_ERROR;
				CLANG_WARN_QUOTED_INCLUDE_IN_FRAMEWORK_HEADER = YES;
				CLANG_WARN_RANGE_LOOP_ANALYSIS = YES;
				CLANG_WARN_STRICT_PROTOTYPES = YES;
				CLANG_WARN_SUSPICIOUS_MOVE = YES;
				CLANG_WARN_UNGUARDED_AVAILABILITY = YES_AGGRESSIVE;
				CLANG_WARN_UNREACHABLE_CODE = YES;
				CLANG_WARN__DUPLICATE_METHOD_MATCH = YES;
				COPY_PHASE_STRIP = NO;
				DEBUG_INFORMATION_FORMAT = "dwarf-with-dsym";
				ENABLE_NS_ASSERTIONS = NO;
				ENABLE_STRICT_OBJC_MSGSEND = YES;
				GCC_C_LANGUAGE_STANDARD = gnu11;
				GCC_NO_COMMON_BLOCKS = YES;
				GCC_WARN_64_TO_32_BIT_CONVERSION = YES;
				GCC_WARN_ABOUT_RETURN_TYPE = YES_ERROR;
				GCC_WARN_UNDECLARED_SELECTOR = YES;
				GCC_WARN_UNINITIALIZED_AUTOS = YES_AGGRESSIVE;
				GCC_WARN_UNUSED_FUNCTION = YES;
				GCC_WARN_UNUSED_VARIABLE = YES;
				IPHONEOS_DEPLOYMENT_TARGET = 16.1;
				MTL_ENABLE_DEBUG_INFO = NO;
				MTL_FAST_MATH = YES;
				SDKROOT = iphoneos;
				SWIFT_COMPILATION_MODE = wholemodule;
				SWIFT_OPTIMIZATION_LEVEL = "-O";
				VALIDATE_PRODUCT = YES;
			};
			name = Release;
		};
		043A876E29461290008B5D19 /* Debug */ = {
			isa = XCBuildConfiguration;
			buildSettings = {
				ASSETCATALOG_COMPILER_APPICON_NAME = AppIcon;
				ASSETCATALOG_COMPILER_GLOBAL_ACCENT_COLOR_NAME = AccentColor;
				CODE_SIGN_STYLE = Automatic;
				CURRENT_PROJECT_VERSION = 1;
				GENERATE_INFOPLIST_FILE = YES;
				INFOPLIST_FILE = TabBarController/Info.plist;
				INFOPLIST_KEY_UIApplicationSupportsIndirectInputEvents = YES;
				INFOPLIST_KEY_UILaunchStoryboardName = LaunchScreen;
				INFOPLIST_KEY_UIMainStoryboardFile = Main;
				INFOPLIST_KEY_UISupportedInterfaceOrientations_iPad = "UIInterfaceOrientationPortrait UIInterfaceOrientationPortraitUpsideDown UIInterfaceOrientationLandscapeLeft UIInterfaceOrientationLandscapeRight";
				INFOPLIST_KEY_UISupportedInterfaceOrientations_iPhone = "UIInterfaceOrientationPortrait UIInterfaceOrientationLandscapeLeft UIInterfaceOrientationLandscapeRight";
				LD_RUNPATH_SEARCH_PATHS = (
					"$(inherited)",
					"@executable_path/Frameworks",
				);
				MARKETING_VERSION = 1.0;
				PRODUCT_BUNDLE_IDENTIFIER = Lorhan.TabBarController;
				PRODUCT_NAME = "$(TARGET_NAME)";
				SWIFT_EMIT_LOC_STRINGS = YES;
				SWIFT_VERSION = 5.0;
				TARGETED_DEVICE_FAMILY = "1,2";
			};
			name = Debug;
		};
		043A876F29461290008B5D19 /* Release */ = {
			isa = XCBuildConfiguration;
			buildSettings = {
				ASSETCATALOG_COMPILER_APPICON_NAME = AppIcon;
				ASSETCATALOG_COMPILER_GLOBAL_ACCENT_COLOR_NAME = AccentColor;
				CODE_SIGN_STYLE = Automatic;
				CURRENT_PROJECT_VERSION = 1;
				GENERATE_INFOPLIST_FILE = YES;
				INFOPLIST_FILE = TabBarController/Info.plist;
				INFOPLIST_KEY_UIApplicationSupportsIndirectInputEvents = YES;
				INFOPLIST_KEY_UILaunchStoryboardName = LaunchScreen;
				INFOPLIST_KEY_UIMainStoryboardFile = Main;
				INFOPLIST_KEY_UISupportedInterfaceOrientations_iPad = "UIInterfaceOrientationPortrait UIInterfaceOrientationPortraitUpsideDown UIInterfaceOrientationLandscapeLeft UIInterfaceOrientationLandscapeRight";
				INFOPLIST_KEY_UISupportedInterfaceOrientations_iPhone = "UIInterfaceOrientationPortrait UIInterfaceOrientationLandscapeLeft UIInterfaceOrientationLandscapeRight";
				LD_RUNPATH_SEARCH_PATHS = (
					"$(inherited)",
					"@executable_path/Frameworks",
				);
				MARKETING_VERSION = 1.0;
				PRODUCT_BUNDLE_IDENTIFIER = Lorhan.TabBarController;
				PRODUCT_NAME = "$(TARGET_NAME)";
				SWIFT_EMIT_LOC_STRINGS = YES;
				SWIFT_VERSION = 5.0;
				TARGETED_DEVICE_FAMILY = "1,2";
			};
			name = Release;
		};
		043A877129461290008B5D19 /* Debug */ = {
			isa = XCBuildConfiguration;
			buildSettings = {
				ALWAYS_EMBED_SWIFT_STANDARD_LIBRARIES = YES;
				BUNDLE_LOADER = "$(TEST_HOST)";
				CODE_SIGN_STYLE = Automatic;
				CURRENT_PROJECT_VERSION = 1;
				GENERATE_INFOPLIST_FILE = YES;
				IPHONEOS_DEPLOYMENT_TARGET = 16.1;
				MARKETING_VERSION = 1.0;
				PRODUCT_BUNDLE_IDENTIFIER = Lorhan.TabBarControllerTests;
				PRODUCT_NAME = "$(TARGET_NAME)";
				SWIFT_EMIT_LOC_STRINGS = NO;
				SWIFT_VERSION = 5.0;
				TARGETED_DEVICE_FAMILY = "1,2";
				TEST_HOST = "$(BUILT_PRODUCTS_DIR)/TabBarController.app/$(BUNDLE_EXECUTABLE_FOLDER_PATH)/TabBarController";
			};
			name = Debug;
		};
		043A877229461290008B5D19 /* Release */ = {
			isa = XCBuildConfiguration;
			buildSettings = {
				ALWAYS_EMBED_SWIFT_STANDARD_LIBRARIES = YES;
				BUNDLE_LOADER = "$(TEST_HOST)";
				CODE_SIGN_STYLE = Automatic;
				CURRENT_PROJECT_VERSION = 1;
				GENERATE_INFOPLIST_FILE = YES;
				IPHONEOS_DEPLOYMENT_TARGET = 16.1;
				MARKETING_VERSION = 1.0;
				PRODUCT_BUNDLE_IDENTIFIER = Lorhan.TabBarControllerTests;
				PRODUCT_NAME = "$(TARGET_NAME)";
				SWIFT_EMIT_LOC_STRINGS = NO;
				SWIFT_VERSION = 5.0;
				TARGETED_DEVICE_FAMILY = "1,2";
				TEST_HOST = "$(BUILT_PRODUCTS_DIR)/TabBarController.app/$(BUNDLE_EXECUTABLE_FOLDER_PATH)/TabBarController";
			};
			name = Release;
		};
		043A877429461290008B5D19 /* Debug */ = {
			isa = XCBuildConfiguration;
			buildSettings = {
				ALWAYS_EMBED_SWIFT_STANDARD_LIBRARIES = YES;
				CODE_SIGN_STYLE = Automatic;
				CURRENT_PROJECT_VERSION = 1;
				GENERATE_INFOPLIST_FILE = YES;
				MARKETING_VERSION = 1.0;
				PRODUCT_BUNDLE_IDENTIFIER = Lorhan.TabBarControllerUITests;
				PRODUCT_NAME = "$(TARGET_NAME)";
				SWIFT_EMIT_LOC_STRINGS = NO;
				SWIFT_VERSION = 5.0;
				TARGETED_DEVICE_FAMILY = "1,2";
				TEST_TARGET_NAME = TabBarController;
			};
			name = Debug;
		};
		043A877529461290008B5D19 /* Release */ = {
			isa = XCBuildConfiguration;
			buildSettings = {
				ALWAYS_EMBED_SWIFT_STANDARD_LIBRARIES = YES;
				CODE_SIGN_STYLE = Automatic;
				CURRENT_PROJECT_VERSION = 1;
				GENERATE_INFOPLIST_FILE = YES;
				MARKETING_VERSION = 1.0;
				PRODUCT_BUNDLE_IDENTIFIER = Lorhan.TabBarControllerUITests;
				PRODUCT_NAME = "$(TARGET_NAME)";
				SWIFT_EMIT_LOC_STRINGS = NO;
				SWIFT_VERSION = 5.0;
				TARGETED_DEVICE_FAMILY = "1,2";
				TEST_TARGET_NAME = TabBarController;
			};
			name = Release;
		};
/* End XCBuildConfiguration section */

/* Begin XCConfigurationList section */
		043A873E2946128D008B5D19 /* Build configuration list for PBXProject "TabBarController" */ = {
			isa = XCConfigurationList;
			buildConfigurations = (
				043A876B29461290008B5D19 /* Debug */,
				043A876C29461290008B5D19 /* Release */,
			);
			defaultConfigurationIsVisible = 0;
			defaultConfigurationName = Release;
		};
		043A876D29461290008B5D19 /* Build configuration list for PBXNativeTarget "TabBarController" */ = {
			isa = XCConfigurationList;
			buildConfigurations = (
				043A876E29461290008B5D19 /* Debug */,
				043A876F29461290008B5D19 /* Release */,
			);
			defaultConfigurationIsVisible = 0;
			defaultConfigurationName = Release;
		};
		043A877029461290008B5D19 /* Build configuration list for PBXNativeTarget "TabBarControllerTests" */ = {
			isa = XCConfigurationList;
			buildConfigurations = (
				043A877129461290008B5D19 /* Debug */,
				043A877229461290008B5D19 /* Release */,
			);
			defaultConfigurationIsVisible = 0;
			defaultConfigurationName = Release;
		};
		043A877329461290008B5D19 /* Build configuration list for PBXNativeTarget "TabBarControllerUITests" */ = {
			isa = XCConfigurationList;
			buildConfigurations = (
				043A877429461290008B5D19 /* Debug */,
				043A877529461290008B5D19 /* Release */,
			);
			defaultConfigurationIsVisible = 0;
			defaultConfigurationName = Release;
		};
/* End XCConfigurationList section */
	};
	rootObject = 043A873B2946128D008B5D19 /* Project object */;
}
